
Microsoft Visual Studio Solution File, Format Version 12.00
# Visual Studio Version 17
VisualStudioVersion = 17.5.001.0
MinimumVisualStudioVersion = 10.0.40219.1
Project("{9A19103F-16F7-4668-BE54-9A1E7A4F7556}") = "tl1-tp6-2024-AnaLRuiz", "tl1-tp6-2024-AnaLRuiz.csproj", "{03ABC7F4-D209-488D-B152-FCF80F1267B6}"
EndProject
Global
	GlobalSection(SolutionConfigurationPlatforms) = preSolution
		Debug|Any CPU = Debug|Any CPU
		Release|Any CPU = Release|Any CPU
	EndGlobalSection
	GlobalSection(ProjectConfigurationPlatforms) = postSolution
		{03ABC7F4-D209-488D-B152-FCF80F1267B6}.Debug|Any CPU.ActiveCfg = Debug|Any CPU
		{03ABC7F4-D209-488D-B152-FCF80F1267B6}.Debug|Any CPU.Build.0 = Debug|Any CPU
		{03ABC7F4-D209-488D-B152-FCF80F1267B6}.Release|Any CPU.ActiveCfg = Release|Any CPU
		{03ABC7F4-D209-488D-B152-FCF80F1267B6}.Release|Any CPU.Build.0 = Release|Any CPU
	EndGlobalSection
	GlobalSection(SolutionProperties) = preSolution
		HideSolutionNode = FALSE
	EndGlobalSection
	GlobalSection(ExtensibilityGlobals) = postSolution
		SolutionGuid = {756A1428-9C94-47A2-845C-DD9CF776C073}
	EndGlobalSection
EndGlobal
